// !$*UTF8*$!
{
	archiveVersion = 1;
	classes = {
	};
	objectVersion = 55;
	objects = {

/* Begin PBXBuildFile section */
		860A226727C840AC00C183FD /* HexagonParameters.swift in Sources */ = {isa = PBXBuildFile; fileRef = 860A226627C840AC00C183FD /* HexagonParameters.swift */; };
		860A226927C8410600C183FD /* BadgeBackground.swift in Sources */ = {isa = PBXBuildFile; fileRef = 860A226827C8410600C183FD /* BadgeBackground.swift */; };
		860A226B27C8416900C183FD /* BadgeSymbol.swift in Sources */ = {isa = PBXBuildFile; fileRef = 860A226A27C8416900C183FD /* BadgeSymbol.swift */; };
		860A226D27C841C100C183FD /* RotatedBadgeSymbol.swift in Sources */ = {isa = PBXBuildFile; fileRef = 860A226C27C841C100C183FD /* RotatedBadgeSymbol.swift */; };
		860A226F27C842E400C183FD /* Badge.swift in Sources */ = {isa = PBXBuildFile; fileRef = 860A226E27C842E400C183FD /* Badge.swift */; };
		860A227227C8468400C183FD /* hikeData.json in Resources */ = {isa = PBXBuildFile; fileRef = 860A227127C8468400C183FD /* hikeData.json */; };
		860A227427C846D300C183FD /* Hike.swift in Sources */ = {isa = PBXBuildFile; fileRef = 860A227327C846D300C183FD /* Hike.swift */; };
		860A227C27C8474200C183FD /* GraphCapsule.swift in Sources */ = {isa = PBXBuildFile; fileRef = 860A227827C8474200C183FD /* GraphCapsule.swift */; };
		860A227D27C8474200C183FD /* HikeDetail.swift in Sources */ = {isa = PBXBuildFile; fileRef = 860A227927C8474200C183FD /* HikeDetail.swift */; };
		860A227E27C8474200C183FD /* HikeGraph.swift in Sources */ = {isa = PBXBuildFile; fileRef = 860A227A27C8474200C183FD /* HikeGraph.swift */; };
		860A227F27C8474200C183FD /* HikeView.swift in Sources */ = {isa = PBXBuildFile; fileRef = 860A227B27C8474200C183FD /* HikeView.swift */; };
		860A228227C84C1000C183FD /* CategoryHome.swift in Sources */ = {isa = PBXBuildFile; fileRef = 860A228127C84C1000C183FD /* CategoryHome.swift */; };
		860A228427C84C9B00C183FD /* CategoryRow.swift in Sources */ = {isa = PBXBuildFile; fileRef = 860A228327C84C9B00C183FD /* CategoryRow.swift */; };
		860A228627C84CC400C183FD /* CategoryItem.swift in Sources */ = {isa = PBXBuildFile; fileRef = 860A228527C84CC400C183FD /* CategoryItem.swift */; };
		860A228827C8527B00C183FD /* Profile.swift in Sources */ = {isa = PBXBuildFile; fileRef = 860A228727C8527B00C183FD /* Profile.swift */; };
		860A228B27C852C700C183FD /* ProfileHost.swift in Sources */ = {isa = PBXBuildFile; fileRef = 860A228A27C852C700C183FD /* ProfileHost.swift */; };
		860A228D27C852E200C183FD /* ProfileSummary.swift in Sources */ = {isa = PBXBuildFile; fileRef = 860A228C27C852E200C183FD /* ProfileSummary.swift */; };
		860A228F27C8534100C183FD /* HikeBadge.swift in Sources */ = {isa = PBXBuildFile; fileRef = 860A228E27C8534100C183FD /* HikeBadge.swift */; };
		860A229127C8553200C183FD /* ProfileEditor.swift in Sources */ = {isa = PBXBuildFile; fileRef = 860A229027C8553200C183FD /* ProfileEditor.swift */; };
		860A229427C8597800C183FD /* PageViewController.swift in Sources */ = {isa = PBXBuildFile; fileRef = 860A229327C8597800C183FD /* PageViewController.swift */; };
		860A229627C85A7500C183FD /* FeatureCard.swift in Sources */ = {isa = PBXBuildFile; fileRef = 860A229527C85A7500C183FD /* FeatureCard.swift */; };
		860A229827C85A9B00C183FD /* PageView.swift in Sources */ = {isa = PBXBuildFile; fileRef = 860A229727C85A9B00C183FD /* PageView.swift */; };
		860A229A27C85BEA00C183FD /* PageControl.swift in Sources */ = {isa = PBXBuildFile; fileRef = 860A229927C85BEA00C183FD /* PageControl.swift */; };
		860A22A027C90B8600C183FD /* Assets.xcassets in Resources */ = {isa = PBXBuildFile; fileRef = 860A229F27C90B8600C183FD /* Assets.xcassets */; };
		860A22A627C90B8600C183FD /* WatchLandmarks WatchKit Extension.appex in Embed App Extensions */ = {isa = PBXBuildFile; fileRef = 860A22A527C90B8600C183FD /* WatchLandmarks WatchKit Extension.appex */; settings = {ATTRIBUTES = (RemoveHeadersOnCopy, ); }; };
		860A22AD27C90B8600C183FD /* ContentView.swift in Sources */ = {isa = PBXBuildFile; fileRef = 860A22AC27C90B8600C183FD /* ContentView.swift */; };
		860A22AF27C90B8600C183FD /* NotificationController.swift in Sources */ = {isa = PBXBuildFile; fileRef = 860A22AE27C90B8600C183FD /* NotificationController.swift */; };
		860A22B127C90B8600C183FD /* NotificationView.swift in Sources */ = {isa = PBXBuildFile; fileRef = 860A22B027C90B8600C183FD /* NotificationView.swift */; };
		860A22B327C90B8600C183FD /* ComplicationController.swift in Sources */ = {isa = PBXBuildFile; fileRef = 860A22B227C90B8600C183FD /* ComplicationController.swift */; };
		860A22B527C90B8800C183FD /* Assets.xcassets in Resources */ = {isa = PBXBuildFile; fileRef = 860A22B427C90B8800C183FD /* Assets.xcassets */; };
		860A22B827C90B8800C183FD /* Preview Assets.xcassets in Resources */ = {isa = PBXBuildFile; fileRef = 860A22B727C90B8800C183FD /* Preview Assets.xcassets */; };
		860A22BD27C90B8800C183FD /* WatchLandmarks.app in Embed Watch Content */ = {isa = PBXBuildFile; fileRef = 860A229D27C90B8100C183FD /* WatchLandmarks.app */; settings = {ATTRIBUTES = (RemoveHeadersOnCopy, ); }; };
		860A22C627C90CE500C183FD /* MapView.swift in Sources */ = {isa = PBXBuildFile; fileRef = 86FBC69527C7DF4C00AA73BD /* MapView.swift */; };
		860A22C727C90CE500C183FD /* CircleImage.swift in Sources */ = {isa = PBXBuildFile; fileRef = 86FBC69327C7DE2B00AA73BD /* CircleImage.swift */; };
		860A22C827C90CE500C183FD /* hikeData.json in Resources */ = {isa = PBXBuildFile; fileRef = 860A227127C8468400C183FD /* hikeData.json */; };
		860A22C927C90CE500C183FD /* landmarkData.json in Resources */ = {isa = PBXBuildFile; fileRef = 86FBC69727C7E1BC00AA73BD /* landmarkData.json */; };
		860A22CA27C90CE500C183FD /* Assets.xcassets in Resources */ = {isa = PBXBuildFile; fileRef = 86FBC68427C7DA1300AA73BD /* Assets.xcassets */; };
		860A22CB27C90CE500C183FD /* Profile.swift in Sources */ = {isa = PBXBuildFile; fileRef = 860A228727C8527B00C183FD /* Profile.swift */; };
		860A22CC27C90CE500C183FD /* LandmarkRow.swift in Sources */ = {isa = PBXBuildFile; fileRef = 86FBC69E27C7E4A700AA73BD /* LandmarkRow.swift */; };
		860A22CD27C90CE500C183FD /* LandmarksApp.swift in Sources */ = {isa = PBXBuildFile; fileRef = 86FBC68027C7DA1000AA73BD /* LandmarksApp.swift */; };
		860A22CE27C90CE500C183FD /* Landmark.swift in Sources */ = {isa = PBXBuildFile; fileRef = 86FBC69A27C7E34D00AA73BD /* Landmark.swift */; };
		860A22CF27C90CE500C183FD /* Hike.swift in Sources */ = {isa = PBXBuildFile; fileRef = 860A227327C846D300C183FD /* Hike.swift */; };
		860A22D027C90CE500C183FD /* ModelData.swift in Sources */ = {isa = PBXBuildFile; fileRef = 86FBC69C27C7E44D00AA73BD /* ModelData.swift */; };
		860A22D127C90CE500C183FD /* LandmarkList.swift in Sources */ = {isa = PBXBuildFile; fileRef = 86FBC6A027C7E52B00AA73BD /* LandmarkList.swift */; };
		860A22D327C90E2F00C183FD /* LandmarkDetail.swift in Sources */ = {isa = PBXBuildFile; fileRef = 860A22D227C90E2F00C183FD /* LandmarkDetail.swift */; };
		86FBC68127C7DA1000AA73BD /* LandmarksApp.swift in Sources */ = {isa = PBXBuildFile; fileRef = 86FBC68027C7DA1000AA73BD /* LandmarksApp.swift */; };
		86FBC68327C7DA1000AA73BD /* ContentView.swift in Sources */ = {isa = PBXBuildFile; fileRef = 86FBC68227C7DA1000AA73BD /* ContentView.swift */; };
		86FBC68527C7DA1300AA73BD /* Assets.xcassets in Resources */ = {isa = PBXBuildFile; fileRef = 86FBC68427C7DA1300AA73BD /* Assets.xcassets */; };
		86FBC68827C7DA1300AA73BD /* Preview Assets.xcassets in Resources */ = {isa = PBXBuildFile; fileRef = 86FBC68727C7DA1300AA73BD /* Preview Assets.xcassets */; };
		86FBC69027C7DA6600AA73BD /* SampleCode.xcconfig in Resources */ = {isa = PBXBuildFile; fileRef = 86FBC68F27C7DA6600AA73BD /* SampleCode.xcconfig */; };
		86FBC69427C7DE2B00AA73BD /* CircleImage.swift in Sources */ = {isa = PBXBuildFile; fileRef = 86FBC69327C7DE2B00AA73BD /* CircleImage.swift */; };
		86FBC69627C7DF4C00AA73BD /* MapView.swift in Sources */ = {isa = PBXBuildFile; fileRef = 86FBC69527C7DF4C00AA73BD /* MapView.swift */; };
		86FBC69827C7E1BC00AA73BD /* landmarkData.json in Resources */ = {isa = PBXBuildFile; fileRef = 86FBC69727C7E1BC00AA73BD /* landmarkData.json */; };
		86FBC69B27C7E34D00AA73BD /* Landmark.swift in Sources */ = {isa = PBXBuildFile; fileRef = 86FBC69A27C7E34D00AA73BD /* Landmark.swift */; };
		86FBC69D27C7E44D00AA73BD /* ModelData.swift in Sources */ = {isa = PBXBuildFile; fileRef = 86FBC69C27C7E44D00AA73BD /* ModelData.swift */; };
		86FBC69F27C7E4A700AA73BD /* LandmarkRow.swift in Sources */ = {isa = PBXBuildFile; fileRef = 86FBC69E27C7E4A700AA73BD /* LandmarkRow.swift */; };
		86FBC6A127C7E52B00AA73BD /* LandmarkList.swift in Sources */ = {isa = PBXBuildFile; fileRef = 86FBC6A027C7E52B00AA73BD /* LandmarkList.swift */; };
		86FBC6A327C7E65B00AA73BD /* LandmarkDetail.swift in Sources */ = {isa = PBXBuildFile; fileRef = 86FBC6A227C7E65B00AA73BD /* LandmarkDetail.swift */; };
		86FBC6A727C7F38100AA73BD /* FavoriteButton.swift in Sources */ = {isa = PBXBuildFile; fileRef = 86FBC6A627C7F38100AA73BD /* FavoriteButton.swift */; };
/* End PBXBuildFile section */

/* Begin PBXContainerItemProxy section */
		860A22A727C90B8600C183FD /* PBXContainerItemProxy */ = {
			isa = PBXContainerItemProxy;
			containerPortal = 86FBC67527C7DA1000AA73BD /* Project object */;
			proxyType = 1;
			remoteGlobalIDString = 860A22A427C90B8600C183FD;
			remoteInfo = "WatchLandmarks WatchKit Extension";
		};
		860A22BB27C90B8800C183FD /* PBXContainerItemProxy */ = {
			isa = PBXContainerItemProxy;
			containerPortal = 86FBC67527C7DA1000AA73BD /* Project object */;
			proxyType = 1;
			remoteGlobalIDString = 860A229C27C90B8100C183FD;
			remoteInfo = WatchLandmarks;
		};
/* End PBXContainerItemProxy section */

/* Begin PBXCopyFilesBuildPhase section */
		860A22C127C90B8800C183FD /* Embed App Extensions */ = {
			isa = PBXCopyFilesBuildPhase;
			buildActionMask = 2147483647;
			dstPath = "";
			dstSubfolderSpec = 13;
			files = (
				860A22A627C90B8600C183FD /* WatchLandmarks WatchKit Extension.appex in Embed App Extensions */,
			);
			name = "Embed App Extensions";
			runOnlyForDeploymentPostprocessing = 0;
		};
		860A22C527C90B8800C183FD /* Embed Watch Content */ = {
			isa = PBXCopyFilesBuildPhase;
			buildActionMask = 2147483647;
			dstPath = "$(CONTENTS_FOLDER_PATH)/Watch";
			dstSubfolderSpec = 16;
			files = (
				860A22BD27C90B8800C183FD /* WatchLandmarks.app in Embed Watch Content */,
			);
			name = "Embed Watch Content";
			runOnlyForDeploymentPostprocessing = 0;
		};
/* End PBXCopyFilesBuildPhase section */

/* Begin PBXFileReference section */
		860A226627C840AC00C183FD /* HexagonParameters.swift */ = {isa = PBXFileReference; lastKnownFileType = sourcecode.swift; path = HexagonParameters.swift; sourceTree = "<group>"; };
		860A226827C8410600C183FD /* BadgeBackground.swift */ = {isa = PBXFileReference; lastKnownFileType = sourcecode.swift; path = BadgeBackground.swift; sourceTree = "<group>"; };
		860A226A27C8416900C183FD /* BadgeSymbol.swift */ = {isa = PBXFileReference; lastKnownFileType = sourcecode.swift; path = BadgeSymbol.swift; sourceTree = "<group>"; };
		860A226C27C841C100C183FD /* RotatedBadgeSymbol.swift */ = {isa = PBXFileReference; lastKnownFileType = sourcecode.swift; path = RotatedBadgeSymbol.swift; sourceTree = "<group>"; };
		860A226E27C842E400C183FD /* Badge.swift */ = {isa = PBXFileReference; lastKnownFileType = sourcecode.swift; path = Badge.swift; sourceTree = "<group>"; };
		860A227127C8468400C183FD /* hikeData.json */ = {isa = PBXFileReference; fileEncoding = 4; lastKnownFileType = text.json; path = hikeData.json; sourceTree = "<group>"; };
		860A227327C846D300C183FD /* Hike.swift */ = {isa = PBXFileReference; lastKnownFileType = sourcecode.swift; path = Hike.swift; sourceTree = "<group>"; };
		860A227827C8474200C183FD /* GraphCapsule.swift */ = {isa = PBXFileReference; fileEncoding = 4; lastKnownFileType = sourcecode.swift; path = GraphCapsule.swift; sourceTree = "<group>"; };
		860A227927C8474200C183FD /* HikeDetail.swift */ = {isa = PBXFileReference; fileEncoding = 4; lastKnownFileType = sourcecode.swift; path = HikeDetail.swift; sourceTree = "<group>"; };
		860A227A27C8474200C183FD /* HikeGraph.swift */ = {isa = PBXFileReference; fileEncoding = 4; lastKnownFileType = sourcecode.swift; path = HikeGraph.swift; sourceTree = "<group>"; };
		860A227B27C8474200C183FD /* HikeView.swift */ = {isa = PBXFileReference; fileEncoding = 4; lastKnownFileType = sourcecode.swift; path = HikeView.swift; sourceTree = "<group>"; };
		860A228127C84C1000C183FD /* CategoryHome.swift */ = {isa = PBXFileReference; lastKnownFileType = sourcecode.swift; path = CategoryHome.swift; sourceTree = "<group>"; };
		860A228327C84C9B00C183FD /* CategoryRow.swift */ = {isa = PBXFileReference; lastKnownFileType = sourcecode.swift; path = CategoryRow.swift; sourceTree = "<group>"; };
		860A228527C84CC400C183FD /* CategoryItem.swift */ = {isa = PBXFileReference; lastKnownFileType = sourcecode.swift; path = CategoryItem.swift; sourceTree = "<group>"; };
		860A228727C8527B00C183FD /* Profile.swift */ = {isa = PBXFileReference; lastKnownFileType = sourcecode.swift; path = Profile.swift; sourceTree = "<group>"; };
		860A228A27C852C700C183FD /* ProfileHost.swift */ = {isa = PBXFileReference; lastKnownFileType = sourcecode.swift; path = ProfileHost.swift; sourceTree = "<group>"; };
		860A228C27C852E200C183FD /* ProfileSummary.swift */ = {isa = PBXFileReference; lastKnownFileType = sourcecode.swift; path = ProfileSummary.swift; sourceTree = "<group>"; };
		860A228E27C8534100C183FD /* HikeBadge.swift */ = {isa = PBXFileReference; lastKnownFileType = sourcecode.swift; path = HikeBadge.swift; sourceTree = "<group>"; };
		860A229027C8553200C183FD /* ProfileEditor.swift */ = {isa = PBXFileReference; lastKnownFileType = sourcecode.swift; path = ProfileEditor.swift; sourceTree = "<group>"; };
		860A229327C8597800C183FD /* PageViewController.swift */ = {isa = PBXFileReference; lastKnownFileType = sourcecode.swift; path = PageViewController.swift; sourceTree = "<group>"; };
		860A229527C85A7500C183FD /* FeatureCard.swift */ = {isa = PBXFileReference; lastKnownFileType = sourcecode.swift; path = FeatureCard.swift; sourceTree = "<group>"; };
		860A229727C85A9B00C183FD /* PageView.swift */ = {isa = PBXFileReference; lastKnownFileType = sourcecode.swift; path = PageView.swift; sourceTree = "<group>"; };
		860A229927C85BEA00C183FD /* PageControl.swift */ = {isa = PBXFileReference; lastKnownFileType = sourcecode.swift; path = PageControl.swift; sourceTree = "<group>"; };
		860A229D27C90B8100C183FD /* WatchLandmarks.app */ = {isa = PBXFileReference; explicitFileType = wrapper.application; includeInIndex = 0; path = WatchLandmarks.app; sourceTree = BUILT_PRODUCTS_DIR; };
		860A229F27C90B8600C183FD /* Assets.xcassets */ = {isa = PBXFileReference; lastKnownFileType = folder.assetcatalog; path = Assets.xcassets; sourceTree = "<group>"; };
		860A22A527C90B8600C183FD /* WatchLandmarks WatchKit Extension.appex */ = {isa = PBXFileReference; explicitFileType = "wrapper.app-extension"; includeInIndex = 0; path = "WatchLandmarks WatchKit Extension.appex"; sourceTree = BUILT_PRODUCTS_DIR; };
		860A22AC27C90B8600C183FD /* ContentView.swift */ = {isa = PBXFileReference; lastKnownFileType = sourcecode.swift; path = ContentView.swift; sourceTree = "<group>"; };
		860A22AE27C90B8600C183FD /* NotificationController.swift */ = {isa = PBXFileReference; lastKnownFileType = sourcecode.swift; path = NotificationController.swift; sourceTree = "<group>"; };
		860A22B027C90B8600C183FD /* NotificationView.swift */ = {isa = PBXFileReference; lastKnownFileType = sourcecode.swift; path = NotificationView.swift; sourceTree = "<group>"; };
		860A22B227C90B8600C183FD /* ComplicationController.swift */ = {isa = PBXFileReference; lastKnownFileType = sourcecode.swift; path = ComplicationController.swift; sourceTree = "<group>"; };
		860A22B427C90B8800C183FD /* Assets.xcassets */ = {isa = PBXFileReference; lastKnownFileType = folder.assetcatalog; path = Assets.xcassets; sourceTree = "<group>"; };
		860A22B727C90B8800C183FD /* Preview Assets.xcassets */ = {isa = PBXFileReference; lastKnownFileType = folder.assetcatalog; path = "Preview Assets.xcassets"; sourceTree = "<group>"; };
		860A22B927C90B8800C183FD /* Info.plist */ = {isa = PBXFileReference; lastKnownFileType = text.plist.xml; path = Info.plist; sourceTree = "<group>"; };
		860A22BA27C90B8800C183FD /* PushNotificationPayload.apns */ = {isa = PBXFileReference; lastKnownFileType = text; path = PushNotificationPayload.apns; sourceTree = "<group>"; };
		860A22D227C90E2F00C183FD /* LandmarkDetail.swift */ = {isa = PBXFileReference; lastKnownFileType = sourcecode.swift; path = LandmarkDetail.swift; sourceTree = "<group>"; };
		86FBC67D27C7DA1000AA73BD /* Landmarks.app */ = {isa = PBXFileReference; explicitFileType = wrapper.application; includeInIndex = 0; path = Landmarks.app; sourceTree = BUILT_PRODUCTS_DIR; };
		86FBC68027C7DA1000AA73BD /* LandmarksApp.swift */ = {isa = PBXFileReference; lastKnownFileType = sourcecode.swift; path = LandmarksApp.swift; sourceTree = "<group>"; };
		86FBC68227C7DA1000AA73BD /* ContentView.swift */ = {isa = PBXFileReference; lastKnownFileType = sourcecode.swift; path = ContentView.swift; sourceTree = "<group>"; };
		86FBC68427C7DA1300AA73BD /* Assets.xcassets */ = {isa = PBXFileReference; lastKnownFileType = folder.assetcatalog; path = Assets.xcassets; sourceTree = "<group>"; };
		86FBC68727C7DA1300AA73BD /* Preview Assets.xcassets */ = {isa = PBXFileReference; lastKnownFileType = folder.assetcatalog; path = "Preview Assets.xcassets"; sourceTree = "<group>"; };
		86FBC68F27C7DA6600AA73BD /* SampleCode.xcconfig */ = {isa = PBXFileReference; fileEncoding = 4; lastKnownFileType = text.xcconfig; path = SampleCode.xcconfig; sourceTree = "<group>"; };
		86FBC69327C7DE2B00AA73BD /* CircleImage.swift */ = {isa = PBXFileReference; lastKnownFileType = sourcecode.swift; path = CircleImage.swift; sourceTree = "<group>"; };
		86FBC69527C7DF4C00AA73BD /* MapView.swift */ = {isa = PBXFileReference; lastKnownFileType = sourcecode.swift; path = MapView.swift; sourceTree = "<group>"; };
		86FBC69727C7E1BC00AA73BD /* landmarkData.json */ = {isa = PBXFileReference; fileEncoding = 4; lastKnownFileType = text.json; path = landmarkData.json; sourceTree = "<group>"; };
		86FBC69A27C7E34D00AA73BD /* Landmark.swift */ = {isa = PBXFileReference; lastKnownFileType = sourcecode.swift; path = Landmark.swift; sourceTree = "<group>"; };
		86FBC69C27C7E44D00AA73BD /* ModelData.swift */ = {isa = PBXFileReference; lastKnownFileType = sourcecode.swift; path = ModelData.swift; sourceTree = "<group>"; };
		86FBC69E27C7E4A700AA73BD /* LandmarkRow.swift */ = {isa = PBXFileReference; lastKnownFileType = sourcecode.swift; path = LandmarkRow.swift; sourceTree = "<group>"; };
		86FBC6A027C7E52B00AA73BD /* LandmarkList.swift */ = {isa = PBXFileReference; lastKnownFileType = sourcecode.swift; path = LandmarkList.swift; sourceTree = "<group>"; };
		86FBC6A227C7E65B00AA73BD /* LandmarkDetail.swift */ = {isa = PBXFileReference; lastKnownFileType = sourcecode.swift; path = LandmarkDetail.swift; sourceTree = "<group>"; };
		86FBC6A627C7F38100AA73BD /* FavoriteButton.swift */ = {isa = PBXFileReference; lastKnownFileType = sourcecode.swift; path = FavoriteButton.swift; sourceTree = "<group>"; };
/* End PBXFileReference section */

/* Begin PBXFrameworksBuildPhase section */
		860A22A227C90B8600C183FD /* Frameworks */ = {
			isa = PBXFrameworksBuildPhase;
			buildActionMask = 2147483647;
			files = (
			);
			runOnlyForDeploymentPostprocessing = 0;
		};
		86FBC67A27C7DA1000AA73BD /* Frameworks */ = {
			isa = PBXFrameworksBuildPhase;
			buildActionMask = 2147483647;
			files = (
			);
			runOnlyForDeploymentPostprocessing = 0;
		};
/* End PBXFrameworksBuildPhase section */

/* Begin PBXGroup section */
		860A227027C8430300C183FD /* Badges */ = {
			isa = PBXGroup;
			children = (
				860A226E27C842E400C183FD /* Badge.swift */,
				860A226827C8410600C183FD /* BadgeBackground.swift */,
				860A226A27C8416900C183FD /* BadgeSymbol.swift */,
				860A226627C840AC00C183FD /* HexagonParameters.swift */,
				860A226C27C841C100C183FD /* RotatedBadgeSymbol.swift */,
			);
			name = Badges;
			sourceTree = "<group>";
		};
		860A227727C8473900C183FD /* Hikes */ = {
			isa = PBXGroup;
			children = (
				860A227827C8474200C183FD /* GraphCapsule.swift */,
				860A228E27C8534100C183FD /* HikeBadge.swift */,
				860A227927C8474200C183FD /* HikeDetail.swift */,
				860A227A27C8474200C183FD /* HikeGraph.swift */,
				860A227B27C8474200C183FD /* HikeView.swift */,
			);
			name = Hikes;
			sourceTree = "<group>";
		};
		860A228027C84BFB00C183FD /* Categories */ = {
			isa = PBXGroup;
			children = (
				860A228127C84C1000C183FD /* CategoryHome.swift */,
				860A228527C84CC400C183FD /* CategoryItem.swift */,
				860A228327C84C9B00C183FD /* CategoryRow.swift */,
			);
			path = Categories;
			sourceTree = "<group>";
		};
		860A228927C8529700C183FD /* Profiles */ = {
			isa = PBXGroup;
			children = (
				860A229027C8553200C183FD /* ProfileEditor.swift */,
				860A228A27C852C700C183FD /* ProfileHost.swift */,
				860A228C27C852E200C183FD /* ProfileSummary.swift */,
			);
			path = Profiles;
			sourceTree = "<group>";
		};
		860A229227C8595500C183FD /* PageView */ = {
			isa = PBXGroup;
			children = (
				860A229727C85A9B00C183FD /* PageView.swift */,
				860A229327C8597800C183FD /* PageViewController.swift */,
				860A229927C85BEA00C183FD /* PageControl.swift */,
			);
			path = PageView;
			sourceTree = "<group>";
		};
		860A229E27C90B8100C183FD /* WatchLandmarks */ = {
			isa = PBXGroup;
			children = (
				860A229F27C90B8600C183FD /* Assets.xcassets */,
			);
			name = WatchLandmarks;
			path = WatchLandmarks/WatchLandmarks;
			sourceTree = "<group>";
		};
		860A22A927C90B8600C183FD /* WatchLandmarks WatchKit Extension */ = {
			isa = PBXGroup;
			children = (
				860A22AC27C90B8600C183FD /* ContentView.swift */,
				860A22AE27C90B8600C183FD /* NotificationController.swift */,
				860A22B027C90B8600C183FD /* NotificationView.swift */,
				860A22B227C90B8600C183FD /* ComplicationController.swift */,
				860A22D227C90E2F00C183FD /* LandmarkDetail.swift */,
				860A22B427C90B8800C183FD /* Assets.xcassets */,
				860A22B927C90B8800C183FD /* Info.plist */,
				860A22BA27C90B8800C183FD /* PushNotificationPayload.apns */,
				860A22B627C90B8800C183FD /* Preview Content */,
			);
			path = "WatchLandmarks WatchKit Extension";
			sourceTree = "<group>";
		};
		860A22B627C90B8800C183FD /* Preview Content */ = {
			isa = PBXGroup;
			children = (
				860A22B727C90B8800C183FD /* Preview Assets.xcassets */,
			);
			path = "Preview Content";
			sourceTree = "<group>";
		};
		86FBC67427C7DA1000AA73BD = {
			isa = PBXGroup;
			children = (
				86FBC67F27C7DA1000AA73BD /* Landmarks */,
				860A229E27C90B8100C183FD /* WatchLandmarks */,
				860A22A927C90B8600C183FD /* WatchLandmarks WatchKit Extension */,
				86FBC67E27C7DA1000AA73BD /* Products */,
			);
			sourceTree = "<group>";
		};
		86FBC67E27C7DA1000AA73BD /* Products */ = {
			isa = PBXGroup;
			children = (
				86FBC67D27C7DA1000AA73BD /* Landmarks.app */,
				860A229D27C90B8100C183FD /* WatchLandmarks.app */,
				860A22A527C90B8600C183FD /* WatchLandmarks WatchKit Extension.appex */,
			);
			name = Products;
			sourceTree = "<group>";
		};
		86FBC67F27C7DA1000AA73BD /* Landmarks */ = {
			isa = PBXGroup;
			children = (
				86FBC68027C7DA1000AA73BD /* LandmarksApp.swift */,
				86FBC68427C7DA1300AA73BD /* Assets.xcassets */,
				86FBC68E27C7DA4F00AA73BD /* Configuration */,
				86FBC69927C7E1E800AA73BD /* Model */,
				86FBC68627C7DA1300AA73BD /* Preview Content */,
				86FBC69127C7DA7300AA73BD /* Resources */,
				86FBC69227C7DAE900AA73BD /* Views */,
			);
			path = Landmarks;
			sourceTree = "<group>";
		};
		86FBC68627C7DA1300AA73BD /* Preview Content */ = {
			isa = PBXGroup;
			children = (
				86FBC68727C7DA1300AA73BD /* Preview Assets.xcassets */,
			);
			path = "Preview Content";
			sourceTree = "<group>";
		};
		86FBC68E27C7DA4F00AA73BD /* Configuration */ = {
			isa = PBXGroup;
			children = (
				86FBC68F27C7DA6600AA73BD /* SampleCode.xcconfig */,
			);
			path = Configuration;
			sourceTree = "<group>";
		};
		86FBC69127C7DA7300AA73BD /* Resources */ = {
			isa = PBXGroup;
			children = (
				860A227127C8468400C183FD /* hikeData.json */,
				86FBC69727C7E1BC00AA73BD /* landmarkData.json */,
			);
			path = Resources;
			sourceTree = "<group>";
		};
		86FBC69227C7DAE900AA73BD /* Views */ = {
			isa = PBXGroup;
			children = (
				86FBC68227C7DA1000AA73BD /* ContentView.swift */,
				860A228027C84BFB00C183FD /* Categories */,
				860A227027C8430300C183FD /* Badges */,
				86FBC6A827C7F3AF00AA73BD /* Helpers */,
				860A227727C8473900C183FD /* Hikes */,
				86FBC6A927C7F3B700AA73BD /* Landmarks */,
				860A229227C8595500C183FD /* PageView */,
				860A228927C8529700C183FD /* Profiles */,
			);
			path = Views;
			sourceTree = "<group>";
		};
		86FBC69927C7E1E800AA73BD /* Model */ = {
			isa = PBXGroup;
			children = (
				860A227327C846D300C183FD /* Hike.swift */,
				86FBC69A27C7E34D00AA73BD /* Landmark.swift */,
				86FBC69C27C7E44D00AA73BD /* ModelData.swift */,
				860A228727C8527B00C183FD /* Profile.swift */,
			);
			path = Model;
			sourceTree = "<group>";
		};
		86FBC6A827C7F3AF00AA73BD /* Helpers */ = {
			isa = PBXGroup;
			children = (
				86FBC69327C7DE2B00AA73BD /* CircleImage.swift */,
				86FBC6A627C7F38100AA73BD /* FavoriteButton.swift */,
				860A229527C85A7500C183FD /* FeatureCard.swift */,
				86FBC69527C7DF4C00AA73BD /* MapView.swift */,
			);
			path = Helpers;
			sourceTree = "<group>";
		};
		86FBC6A927C7F3B700AA73BD /* Landmarks */ = {
			isa = PBXGroup;
			children = (
				86FBC6A227C7E65B00AA73BD /* LandmarkDetail.swift */,
				86FBC6A027C7E52B00AA73BD /* LandmarkList.swift */,
				86FBC69E27C7E4A700AA73BD /* LandmarkRow.swift */,
			);
			path = Landmarks;
			sourceTree = "<group>";
		};
/* End PBXGroup section */

/* Begin PBXNativeTarget section */
		860A229C27C90B8100C183FD /* WatchLandmarks */ = {
			isa = PBXNativeTarget;
			buildConfigurationList = 860A22C227C90B8800C183FD /* Build configuration list for PBXNativeTarget "WatchLandmarks" */;
			buildPhases = (
				860A229B27C90B8100C183FD /* Resources */,
				860A22C127C90B8800C183FD /* Embed App Extensions */,
			);
			buildRules = (
			);
			dependencies = (
				860A22A827C90B8600C183FD /* PBXTargetDependency */,
			);
			name = WatchLandmarks;
			productName = WatchLandmarks;
			productReference = 860A229D27C90B8100C183FD /* WatchLandmarks.app */;
			productType = "com.apple.product-type.application.watchapp2";
		};
		860A22A427C90B8600C183FD /* WatchLandmarks WatchKit Extension */ = {
			isa = PBXNativeTarget;
			buildConfigurationList = 860A22BE27C90B8800C183FD /* Build configuration list for PBXNativeTarget "WatchLandmarks WatchKit Extension" */;
			buildPhases = (
				860A22A127C90B8600C183FD /* Sources */,
				860A22A227C90B8600C183FD /* Frameworks */,
				860A22A327C90B8600C183FD /* Resources */,
			);
			buildRules = (
			);
			dependencies = (
			);
			name = "WatchLandmarks WatchKit Extension";
			productName = "WatchLandmarks WatchKit Extension";
			productReference = 860A22A527C90B8600C183FD /* WatchLandmarks WatchKit Extension.appex */;
			productType = "com.apple.product-type.watchkit2-extension";
		};
		86FBC67C27C7DA1000AA73BD /* Landmarks */ = {
			isa = PBXNativeTarget;
			buildConfigurationList = 86FBC68B27C7DA1300AA73BD /* Build configuration list for PBXNativeTarget "Landmarks" */;
			buildPhases = (
				86FBC67927C7DA1000AA73BD /* Sources */,
				86FBC67A27C7DA1000AA73BD /* Frameworks */,
				86FBC67B27C7DA1000AA73BD /* Resources */,
				860A22C527C90B8800C183FD /* Embed Watch Content */,
			);
			buildRules = (
			);
			dependencies = (
				860A22BC27C90B8800C183FD /* PBXTargetDependency */,
			);
			name = Landmarks;
			productName = Landmarks;
			productReference = 86FBC67D27C7DA1000AA73BD /* Landmarks.app */;
			productType = "com.apple.product-type.application";
		};
/* End PBXNativeTarget section */

/* Begin PBXProject section */
		86FBC67527C7DA1000AA73BD /* Project object */ = {
			isa = PBXProject;
			attributes = {
				BuildIndependentTargetsInParallel = 1;
				LastSwiftUpdateCheck = 1330;
				LastUpgradeCheck = 1330;
				TargetAttributes = {
					860A229C27C90B8100C183FD = {
						CreatedOnToolsVersion = 13.3;
					};
					860A22A427C90B8600C183FD = {
						CreatedOnToolsVersion = 13.3;
					};
					86FBC67C27C7DA1000AA73BD = {
						CreatedOnToolsVersion = 13.3;
					};
				};
			};
			buildConfigurationList = 86FBC67827C7DA1000AA73BD /* Build configuration list for PBXProject "Landmarks" */;
			compatibilityVersion = "Xcode 13.0";
			developmentRegion = en;
			hasScannedForEncodings = 0;
			knownRegions = (
				en,
				Base,
			);
			mainGroup = 86FBC67427C7DA1000AA73BD;
			productRefGroup = 86FBC67E27C7DA1000AA73BD /* Products */;
			projectDirPath = "";
			projectRoot = "";
			targets = (
				86FBC67C27C7DA1000AA73BD /* Landmarks */,
				860A229C27C90B8100C183FD /* WatchLandmarks */,
				860A22A427C90B8600C183FD /* WatchLandmarks WatchKit Extension */,
			);
		};
/* End PBXProject section */

/* Begin PBXResourcesBuildPhase section */
		860A229B27C90B8100C183FD /* Resources */ = {
			isa = PBXResourcesBuildPhase;
			buildActionMask = 2147483647;
			files = (
				860A22A027C90B8600C183FD /* Assets.xcassets in Resources */,
			);
			runOnlyForDeploymentPostprocessing = 0;
		};
		860A22A327C90B8600C183FD /* Resources */ = {
			isa = PBXResourcesBuildPhase;
			buildActionMask = 2147483647;
			files = (
				860A22B827C90B8800C183FD /* Preview Assets.xcassets in Resources */,
				860A22C927C90CE500C183FD /* landmarkData.json in Resources */,
				860A22C827C90CE500C183FD /* hikeData.json in Resources */,
				860A22B527C90B8800C183FD /* Assets.xcassets in Resources */,
				860A22CA27C90CE500C183FD /* Assets.xcassets in Resources */,
			);
			runOnlyForDeploymentPostprocessing = 0;
		};
		86FBC67B27C7DA1000AA73BD /* Resources */ = {
			isa = PBXResourcesBuildPhase;
			buildActionMask = 2147483647;
			files = (
				86FBC68827C7DA1300AA73BD /* Preview Assets.xcassets in Resources */,
				86FBC69827C7E1BC00AA73BD /* landmarkData.json in Resources */,
				86FBC69027C7DA6600AA73BD /* SampleCode.xcconfig in Resources */,
				86FBC68527C7DA1300AA73BD /* Assets.xcassets in Resources */,
				860A227227C8468400C183FD /* hikeData.json in Resources */,
			);
			runOnlyForDeploymentPostprocessing = 0;
		};
/* End PBXResourcesBuildPhase section */

/* Begin PBXSourcesBuildPhase section */
		860A22A127C90B8600C183FD /* Sources */ = {
			isa = PBXSourcesBuildPhase;
			buildActionMask = 2147483647;
			files = (
				860A22AF27C90B8600C183FD /* NotificationController.swift in Sources */,
				860A22AD27C90B8600C183FD /* ContentView.swift in Sources */,
				860A22C627C90CE500C183FD /* MapView.swift in Sources */,
				860A22CB27C90CE500C183FD /* Profile.swift in Sources */,
				860A22D127C90CE500C183FD /* LandmarkList.swift in Sources */,
				860A22CF27C90CE500C183FD /* Hike.swift in Sources */,
				860A22D327C90E2F00C183FD /* LandmarkDetail.swift in Sources */,
				860A22D027C90CE500C183FD /* ModelData.swift in Sources */,
				860A22CD27C90CE500C183FD /* LandmarksApp.swift in Sources */,
				860A22B327C90B8600C183FD /* ComplicationController.swift in Sources */,
				860A22B127C90B8600C183FD /* NotificationView.swift in Sources */,
				860A22CC27C90CE500C183FD /* LandmarkRow.swift in Sources */,
				860A22C727C90CE500C183FD /* CircleImage.swift in Sources */,
				860A22CE27C90CE500C183FD /* Landmark.swift in Sources */,
			);
			runOnlyForDeploymentPostprocessing = 0;
		};
		86FBC67927C7DA1000AA73BD /* Sources */ = {
			isa = PBXSourcesBuildPhase;
			buildActionMask = 2147483647;
			files = (
				860A228427C84C9B00C183FD /* CategoryRow.swift in Sources */,
				860A228827C8527B00C183FD /* Profile.swift in Sources */,
				86FBC68327C7DA1000AA73BD /* ContentView.swift in Sources */,
				860A228227C84C1000C183FD /* CategoryHome.swift in Sources */,
				860A229627C85A7500C183FD /* FeatureCard.swift in Sources */,
				860A226F27C842E400C183FD /* Badge.swift in Sources */,
				860A229427C8597800C183FD /* PageViewController.swift in Sources */,
				86FBC69627C7DF4C00AA73BD /* MapView.swift in Sources */,
				860A227C27C8474200C183FD /* GraphCapsule.swift in Sources */,
				860A227E27C8474200C183FD /* HikeGraph.swift in Sources */,
				860A229A27C85BEA00C183FD /* PageControl.swift in Sources */,
				86FBC6A327C7E65B00AA73BD /* LandmarkDetail.swift in Sources */,
				86FBC6A727C7F38100AA73BD /* FavoriteButton.swift in Sources */,
				860A228627C84CC400C183FD /* CategoryItem.swift in Sources */,
				860A226727C840AC00C183FD /* HexagonParameters.swift in Sources */,
				860A228D27C852E200C183FD /* ProfileSummary.swift in Sources */,
				860A227427C846D300C183FD /* Hike.swift in Sources */,
				860A228B27C852C700C183FD /* ProfileHost.swift in Sources */,
				860A226D27C841C100C183FD /* RotatedBadgeSymbol.swift in Sources */,
				860A229827C85A9B00C183FD /* PageView.swift in Sources */,
				860A226B27C8416900C183FD /* BadgeSymbol.swift in Sources */,
				86FBC68127C7DA1000AA73BD /* LandmarksApp.swift in Sources */,
				860A227D27C8474200C183FD /* HikeDetail.swift in Sources */,
				860A227F27C8474200C183FD /* HikeView.swift in Sources */,
				86FBC6A127C7E52B00AA73BD /* LandmarkList.swift in Sources */,
				860A226927C8410600C183FD /* BadgeBackground.swift in Sources */,
				860A228F27C8534100C183FD /* HikeBadge.swift in Sources */,
				86FBC69427C7DE2B00AA73BD /* CircleImage.swift in Sources */,
				86FBC69B27C7E34D00AA73BD /* Landmark.swift in Sources */,
				86FBC69F27C7E4A700AA73BD /* LandmarkRow.swift in Sources */,
				86FBC69D27C7E44D00AA73BD /* ModelData.swift in Sources */,
				860A229127C8553200C183FD /* ProfileEditor.swift in Sources */,
			);
			runOnlyForDeploymentPostprocessing = 0;
		};
/* End PBXSourcesBuildPhase section */

/* Begin PBXTargetDependency section */
		860A22A827C90B8600C183FD /* PBXTargetDependency */ = {
			isa = PBXTargetDependency;
			target = 860A22A427C90B8600C183FD /* WatchLandmarks WatchKit Extension */;
			targetProxy = 860A22A727C90B8600C183FD /* PBXContainerItemProxy */;
		};
		860A22BC27C90B8800C183FD /* PBXTargetDependency */ = {
			isa = PBXTargetDependency;
			target = 860A229C27C90B8100C183FD /* WatchLandmarks */;
			targetProxy = 860A22BB27C90B8800C183FD /* PBXContainerItemProxy */;
		};
/* End PBXTargetDependency section */

/* Begin XCBuildConfiguration section */
		860A22BF27C90B8800C183FD /* Debug */ = {
			isa = XCBuildConfiguration;
			buildSettings = {
				ASSETCATALOG_COMPILER_COMPLICATION_NAME = Complication;
				CODE_SIGN_STYLE = Automatic;
				CURRENT_PROJECT_VERSION = 1;
				DEVELOPMENT_ASSET_PATHS = "\"WatchLandmarks WatchKit Extension/Preview Content\"";
				DEVELOPMENT_TEAM = D27X6VQP35;
				ENABLE_PREVIEWS = YES;
				GENERATE_INFOPLIST_FILE = YES;
				INFOPLIST_FILE = "WatchLandmarks WatchKit Extension/Info.plist";
				INFOPLIST_KEY_CFBundleDisplayName = "WatchLandmarks WatchKit Extension";
				INFOPLIST_KEY_CLKComplicationPrincipalClass = WatchLandmarks_WatchKit_Extension.ComplicationController;
				INFOPLIST_KEY_NSHumanReadableCopyright = "";
				INFOPLIST_KEY_WKRunsIndependentlyOfCompanionApp = YES;
				LD_RUNPATH_SEARCH_PATHS = (
					"$(inherited)",
					"@executable_path/Frameworks",
					"@executable_path/../../Frameworks",
				);
				MARKETING_VERSION = 1.0;
				PRODUCT_BUNDLE_IDENTIFIER = com.jdocampom.wixsite.Landmarks.watchkitapp.watchkitextension;
				PRODUCT_NAME = "${TARGET_NAME}";
				SDKROOT = watchos;
				SKIP_INSTALL = YES;
				SWIFT_EMIT_LOC_STRINGS = YES;
				SWIFT_VERSION = 5.0;
				TARGETED_DEVICE_FAMILY = 4;
				WATCHOS_DEPLOYMENT_TARGET = 8.0;
			};
			name = Debug;
		};
		860A22C027C90B8800C183FD /* Release */ = {
			isa = XCBuildConfiguration;
			buildSettings = {
				ASSETCATALOG_COMPILER_COMPLICATION_NAME = Complication;
				CODE_SIGN_STYLE = Automatic;
				CURRENT_PROJECT_VERSION = 1;
				DEVELOPMENT_ASSET_PATHS = "\"WatchLandmarks WatchKit Extension/Preview Content\"";
				DEVELOPMENT_TEAM = D27X6VQP35;
				ENABLE_PREVIEWS = YES;
				GENERATE_INFOPLIST_FILE = YES;
				INFOPLIST_FILE = "WatchLandmarks WatchKit Extension/Info.plist";
				INFOPLIST_KEY_CFBundleDisplayName = "WatchLandmarks WatchKit Extension";
				INFOPLIST_KEY_CLKComplicationPrincipalClass = WatchLandmarks_WatchKit_Extension.ComplicationController;
				INFOPLIST_KEY_NSHumanReadableCopyright = "";
				INFOPLIST_KEY_WKRunsIndependentlyOfCompanionApp = YES;
				LD_RUNPATH_SEARCH_PATHS = (
					"$(inherited)",
					"@executable_path/Frameworks",
					"@executable_path/../../Frameworks",
				);
				MARKETING_VERSION = 1.0;
				PRODUCT_BUNDLE_IDENTIFIER = com.jdocampom.wixsite.Landmarks.watchkitapp.watchkitextension;
				PRODUCT_NAME = "${TARGET_NAME}";
				SDKROOT = watchos;
				SKIP_INSTALL = YES;
				SWIFT_EMIT_LOC_STRINGS = YES;
				SWIFT_VERSION = 5.0;
				TARGETED_DEVICE_FAMILY = 4;
				WATCHOS_DEPLOYMENT_TARGET = 8.0;
			};
			name = Release;
		};
		860A22C327C90B8800C183FD /* Debug */ = {
			isa = XCBuildConfiguration;
			buildSettings = {
				ALWAYS_EMBED_SWIFT_STANDARD_LIBRARIES = YES;
				ASSETCATALOG_COMPILER_APPICON_NAME = AppIcon;
				ASSETCATALOG_COMPILER_GLOBAL_ACCENT_COLOR_NAME = AccentColor;
				CODE_SIGN_STYLE = Automatic;
				CURRENT_PROJECT_VERSION = 1;
				DEVELOPMENT_TEAM = D27X6VQP35;
				GENERATE_INFOPLIST_FILE = YES;
				IBSC_MODULE = WatchLandmarks_WatchKit_Extension;
				INFOPLIST_KEY_CFBundleDisplayName = WatchLandmarks;
				INFOPLIST_KEY_UISupportedInterfaceOrientations = "UIInterfaceOrientationPortrait UIInterfaceOrientationPortraitUpsideDown";
				INFOPLIST_KEY_WKCompanionAppBundleIdentifier = com.jdocampom.wixsite.Landmarks;
				MARKETING_VERSION = 1.0;
				PRODUCT_BUNDLE_IDENTIFIER = com.jdocampom.wixsite.Landmarks.watchkitapp;
				PRODUCT_NAME = "$(TARGET_NAME)";
				SDKROOT = watchos;
				SKIP_INSTALL = YES;
				SWIFT_EMIT_LOC_STRINGS = YES;
				SWIFT_VERSION = 5.0;
				TARGETED_DEVICE_FAMILY = 4;
				WATCHOS_DEPLOYMENT_TARGET = 8.0;
			};
			name = Debug;
		};
		860A22C427C90B8800C183FD /* Release */ = {
			isa = XCBuildConfiguration;
			buildSettings = {
				ALWAYS_EMBED_SWIFT_STANDARD_LIBRARIES = YES;
				ASSETCATALOG_COMPILER_APPICON_NAME = AppIcon;
				ASSETCATALOG_COMPILER_GLOBAL_ACCENT_COLOR_NAME = AccentColor;
				CODE_SIGN_STYLE = Automatic;
				CURRENT_PROJECT_VERSION = 1;
				DEVELOPMENT_TEAM = D27X6VQP35;
				GENERATE_INFOPLIST_FILE = YES;
				IBSC_MODULE = WatchLandmarks_WatchKit_Extension;
				INFOPLIST_KEY_CFBundleDisplayName = WatchLandmarks;
				INFOPLIST_KEY_UISupportedInterfaceOrientations = "UIInterfaceOrientationPortrait UIInterfaceOrientationPortraitUpsideDown";
				INFOPLIST_KEY_WKCompanionAppBundleIdentifier = com.jdocampom.wixsite.Landmarks;
				MARKETING_VERSION = 1.0;
				PRODUCT_BUNDLE_IDENTIFIER = com.jdocampom.wixsite.Landmarks.watchkitapp;
				PRODUCT_NAME = "$(TARGET_NAME)";
				SDKROOT = watchos;
				SKIP_INSTALL = YES;
				SWIFT_EMIT_LOC_STRINGS = YES;
				SWIFT_VERSION = 5.0;
				TARGETED_DEVICE_FAMILY = 4;
				WATCHOS_DEPLOYMENT_TARGET = 8.0;
			};
			name = Release;
		};
		86FBC68927C7DA1300AA73BD /* Debug */ = {
			isa = XCBuildConfiguration;
			buildSettings = {
				ALWAYS_SEARCH_USER_PATHS = NO;
				CLANG_ANALYZER_NONNULL = YES;
				CLANG_ANALYZER_NUMBER_OBJECT_CONVERSION = YES_AGGRESSIVE;
				CLANG_CXX_LANGUAGE_STANDARD = "gnu++17";
				CLANG_ENABLE_MODULES = YES;
				CLANG_ENABLE_OBJC_ARC = YES;
				CLANG_ENABLE_OBJC_WEAK = YES;
				CLANG_WARN_BLOCK_CAPTURE_AUTORELEASING = YES;
				CLANG_WARN_BOOL_CONVERSION = YES;
				CLANG_WARN_COMMA = YES;
				CLANG_WARN_CONSTANT_CONVERSION = YES;
				CLANG_WARN_DEPRECATED_OBJC_IMPLEMENTATIONS = YES;
				CLANG_WARN_DIRECT_OBJC_ISA_USAGE = YES_ERROR;
				CLANG_WARN_DOCUMENTATION_COMMENTS = YES;
				CLANG_WARN_EMPTY_BODY = YES;
				CLANG_WARN_ENUM_CONVERSION = YES;
				CLANG_WARN_INFINITE_RECURSION = YES;
				CLANG_WARN_INT_CONVERSION = YES;
				CLANG_WARN_NON_LITERAL_NULL_CONVERSION = YES;
				CLANG_WARN_OBJC_IMPLICIT_RETAIN_SELF = YES;
				CLANG_WARN_OBJC_LITERAL_CONVERSION = YES;
				CLANG_WARN_OBJC_ROOT_CLASS = YES_ERROR;
				CLANG_WARN_QUOTED_INCLUDE_IN_FRAMEWORK_HEADER = YES;
				CLANG_WARN_RANGE_LOOP_ANALYSIS = YES;
				CLANG_WARN_STRICT_PROTOTYPES = YES;
				CLANG_WARN_SUSPICIOUS_MOVE = YES;
				CLANG_WARN_UNGUARDED_AVAILABILITY = YES_AGGRESSIVE;
				CLANG_WARN_UNREACHABLE_CODE = YES;
				CLANG_WARN__DUPLICATE_METHOD_MATCH = YES;
				COPY_PHASE_STRIP = NO;
				DEBUG_INFORMATION_FORMAT = dwarf;
				ENABLE_STRICT_OBJC_MSGSEND = YES;
				ENABLE_TESTABILITY = YES;
				GCC_C_LANGUAGE_STANDARD = gnu11;
				GCC_DYNAMIC_NO_PIC = NO;
				GCC_NO_COMMON_BLOCKS = YES;
				GCC_OPTIMIZATION_LEVEL = 0;
				GCC_PREPROCESSOR_DEFINITIONS = (
					"DEBUG=1",
					"$(inherited)",
				);
				GCC_WARN_64_TO_32_BIT_CONVERSION = YES;
				GCC_WARN_ABOUT_RETURN_TYPE = YES_ERROR;
				GCC_WARN_UNDECLARED_SELECTOR = YES;
				GCC_WARN_UNINITIALIZED_AUTOS = YES_AGGRESSIVE;
				GCC_WARN_UNUSED_FUNCTION = YES;
				GCC_WARN_UNUSED_VARIABLE = YES;
				IPHONEOS_DEPLOYMENT_TARGET = 15.4;
				MTL_ENABLE_DEBUG_INFO = INCLUDE_SOURCE;
				MTL_FAST_MATH = YES;
				ONLY_ACTIVE_ARCH = YES;
				SDKROOT = iphoneos;
				SWIFT_ACTIVE_COMPILATION_CONDITIONS = DEBUG;
				SWIFT_OPTIMIZATION_LEVEL = "-Onone";
			};
			name = Debug;
		};
		86FBC68A27C7DA1300AA73BD /* Release */ = {
			isa = XCBuildConfiguration;
			buildSettings = {
				ALWAYS_SEARCH_USER_PATHS = NO;
				CLANG_ANALYZER_NONNULL = YES;
				CLANG_ANALYZER_NUMBER_OBJECT_CONVERSION = YES_AGGRESSIVE;
				CLANG_CXX_LANGUAGE_STANDARD = "gnu++17";
				CLANG_ENABLE_MODULES = YES;
				CLANG_ENABLE_OBJC_ARC = YES;
				CLANG_ENABLE_OBJC_WEAK = YES;
				CLANG_WARN_BLOCK_CAPTURE_AUTORELEASING = YES;
				CLANG_WARN_BOOL_CONVERSION = YES;
				CLANG_WARN_COMMA = YES;
				CLANG_WARN_CONSTANT_CONVERSION = YES;
				CLANG_WARN_DEPRECATED_OBJC_IMPLEMENTATIONS = YES;
				CLANG_WARN_DIRECT_OBJC_ISA_USAGE = YES_ERROR;
				CLANG_WARN_DOCUMENTATION_COMMENTS = YES;
				CLANG_WARN_EMPTY_BODY = YES;
				CLANG_WARN_ENUM_CONVERSION = YES;
				CLANG_WARN_INFINITE_RECURSION = YES;
				CLANG_WARN_INT_CONVERSION = YES;
				CLANG_WARN_NON_LITERAL_NULL_CONVERSION = YES;
				CLANG_WARN_OBJC_IMPLICIT_RETAIN_SELF = YES;
				CLANG_WARN_OBJC_LITERAL_CONVERSION = YES;
				CLANG_WARN_OBJC_ROOT_CLASS = YES_ERROR;
				CLANG_WARN_QUOTED_INCLUDE_IN_FRAMEWORK_HEADER = YES;
				CLANG_WARN_RANGE_LOOP_ANALYSIS = YES;
				CLANG_WARN_STRICT_PROTOTYPES = YES;
				CLANG_WARN_SUSPICIOUS_MOVE = YES;
				CLANG_WARN_UNGUARDED_AVAILABILITY = YES_AGGRESSIVE;
				CLANG_WARN_UNREACHABLE_CODE = YES;
				CLANG_WARN__DUPLICATE_METHOD_MATCH = YES;
				COPY_PHASE_STRIP = NO;
				DEBUG_INFORMATION_FORMAT = "dwarf-with-dsym";
				ENABLE_NS_ASSERTIONS = NO;
				ENABLE_STRICT_OBJC_MSGSEND = YES;
				GCC_C_LANGUAGE_STANDARD = gnu11;
				GCC_NO_COMMON_BLOCKS = YES;
				GCC_WARN_64_TO_32_BIT_CONVERSION = YES;
				GCC_WARN_ABOUT_RETURN_TYPE = YES_ERROR;
				GCC_WARN_UNDECLARED_SELECTOR = YES;
				GCC_WARN_UNINITIALIZED_AUTOS = YES_AGGRESSIVE;
				GCC_WARN_UNUSED_FUNCTION = YES;
				GCC_WARN_UNUSED_VARIABLE = YES;
				IPHONEOS_DEPLOYMENT_TARGET = 15.4;
				MTL_ENABLE_DEBUG_INFO = NO;
				MTL_FAST_MATH = YES;
				SDKROOT = iphoneos;
				SWIFT_COMPILATION_MODE = wholemodule;
				SWIFT_OPTIMIZATION_LEVEL = "-O";
				VALIDATE_PRODUCT = YES;
			};
			name = Release;
		};
		86FBC68C27C7DA1300AA73BD /* Debug */ = {
			isa = XCBuildConfiguration;
			buildSettings = {
				ASSETCATALOG_COMPILER_APPICON_NAME = AppIcon;
				ASSETCATALOG_COMPILER_GLOBAL_ACCENT_COLOR_NAME = AccentColor;
				CODE_SIGN_STYLE = Automatic;
				CURRENT_PROJECT_VERSION = 1;
				DEVELOPMENT_ASSET_PATHS = "\"Landmarks/Preview Content\"";
				DEVELOPMENT_TEAM = D27X6VQP35;
				ENABLE_PREVIEWS = YES;
				GENERATE_INFOPLIST_FILE = YES;
				INFOPLIST_KEY_UIApplicationSceneManifest_Generation = YES;
				INFOPLIST_KEY_UIApplicationSupportsIndirectInputEvents = YES;
				INFOPLIST_KEY_UILaunchScreen_Generation = YES;
				INFOPLIST_KEY_UISupportedInterfaceOrientations_iPad = "UIInterfaceOrientationPortrait UIInterfaceOrientationPortraitUpsideDown UIInterfaceOrientationLandscapeLeft UIInterfaceOrientationLandscapeRight";
				INFOPLIST_KEY_UISupportedInterfaceOrientations_iPhone = "UIInterfaceOrientationPortrait UIInterfaceOrientationLandscapeLeft UIInterfaceOrientationLandscapeRight";
				IPHONEOS_DEPLOYMENT_TARGET = 15.0;
				LD_RUNPATH_SEARCH_PATHS = (
					"$(inherited)",
					"@executable_path/Frameworks",
				);
				MARKETING_VERSION = 1.0;
				PRODUCT_BUNDLE_IDENTIFIER = com.jdocampom.wixsite.Landmarks;
				PRODUCT_NAME = "$(TARGET_NAME)";
				SWIFT_EMIT_LOC_STRINGS = YES;
				SWIFT_VERSION = 5.0;
				TARGETED_DEVICE_FAMILY = "1,2";
			};
			name = Debug;
		};
		86FBC68D27C7DA1300AA73BD /* Release */ = {
			isa = XCBuildConfiguration;
			buildSettings = {
				ASSETCATALOG_COMPILER_APPICON_NAME = AppIcon;
				ASSETCATALOG_COMPILER_GLOBAL_ACCENT_COLOR_NAME = AccentColor;
				CODE_SIGN_STYLE = Automatic;
				CURRENT_PROJECT_VERSION = 1;
				DEVELOPMENT_ASSET_PATHS = "\"Landmarks/Preview Content\"";
				DEVELOPMENT_TEAM = D27X6VQP35;
				ENABLE_PREVIEWS = YES;
				GENERATE_INFOPLIST_FILE = YES;
				INFOPLIST_KEY_UIApplicationSceneManifest_Generation = YES;
				INFOPLIST_KEY_UIApplicationSupportsIndirectInputEvents = YES;
				INFOPLIST_KEY_UILaunchScreen_Generation = YES;
				INFOPLIST_KEY_UISupportedInterfaceOrientations_iPad = "UIInterfaceOrientationPortrait UIInterfaceOrientationPortraitUpsideDown UIInterfaceOrientationLandscapeLeft UIInterfaceOrientationLandscapeRight";
				INFOPLIST_KEY_UISupportedInterfaceOrientations_iPhone = "UIInterfaceOrientationPortrait UIInterfaceOrientationLandscapeLeft UIInterfaceOrientationLandscapeRight";
				IPHONEOS_DEPLOYMENT_TARGET = 15.0;
				LD_RUNPATH_SEARCH_PATHS = (
					"$(inherited)",
					"@executable_path/Frameworks",
				);
				MARKETING_VERSION = 1.0;
				PRODUCT_BUNDLE_IDENTIFIER = com.jdocampom.wixsite.Landmarks;
				PRODUCT_NAME = "$(TARGET_NAME)";
				SWIFT_EMIT_LOC_STRINGS = YES;
				SWIFT_VERSION = 5.0;
				TARGETED_DEVICE_FAMILY = "1,2";
			};
			name = Release;
		};
/* End XCBuildConfiguration section */

/* Begin XCConfigurationList section */
		860A22BE27C90B8800C183FD /* Build configuration list for PBXNativeTarget "WatchLandmarks WatchKit Extension" */ = {
			isa = XCConfigurationList;
			buildConfigurations = (
				860A22BF27C90B8800C183FD /* Debug */,
				860A22C027C90B8800C183FD /* Release */,
			);
			defaultConfigurationIsVisible = 0;
			defaultConfigurationName = Release;
		};
		860A22C227C90B8800C183FD /* Build configuration list for PBXNativeTarget "WatchLandmarks" */ = {
			isa = XCConfigurationList;
			buildConfigurations = (
				860A22C327C90B8800C183FD /* Debug */,
				860A22C427C90B8800C183FD /* Release */,
			);
			defaultConfigurationIsVisible = 0;
			defaultConfigurationName = Release;
		};
		86FBC67827C7DA1000AA73BD /* Build configuration list for PBXProject "Landmarks" */ = {
			isa = XCConfigurationList;
			buildConfigurations = (
				86FBC68927C7DA1300AA73BD /* Debug */,
				86FBC68A27C7DA1300AA73BD /* Release */,
			);
			defaultConfigurationIsVisible = 0;
			defaultConfigurationName = Release;
		};
		86FBC68B27C7DA1300AA73BD /* Build configuration list for PBXNativeTarget "Landmarks" */ = {
			isa = XCConfigurationList;
			buildConfigurations = (
				86FBC68C27C7DA1300AA73BD /* Debug */,
				86FBC68D27C7DA1300AA73BD /* Release */,
			);
			defaultConfigurationIsVisible = 0;
			defaultConfigurationName = Release;
		};
/* End XCConfigurationList section */
	};
	rootObject = 86FBC67527C7DA1000AA73BD /* Project object */;
}
